# This file is automatically @generated by Cargo.
# It is not intended for manual editing.
version = 4

[[package]]
name = "arrayref"
version = "0.3.9"
source = "registry+https://github.com/rust-lang/crates.io-index"
checksum = "76f60668323931b372b10e3ef1cbfa58e8c4c78dce5b1f5dcd2ec40f4b19a738"

[[package]]
name = "arrayvec"
version = "0.7.6"
source = "registry+https://github.com/rust-lang/crates.io-index"
checksum = "7c02d123df017efcdfbd739ef81735b36c5ba83ec3c59c80a9d7ecc718f92e50"

[[package]]
name = "blake3"
version = "1.5.5"
source = "registry+https://github.com/rust-lang/crates.io-index"
checksum = "b8ee0c1824c4dabb38e8ef2d7cdc514darfc3a" 
